
Microsoft Visual Studio Solution File, Format Version 12.00
# Visual Studio 15
VisualStudioVersion = 15.0.26430.6
MinimumVisualStudioVersion = 10.0.40219.1
Project("{FAE04EC0-301F-11D3-BF4B-00C04F79EFBC}") = "ChanClassLibrary", "ChanClassLibrary\ChanClassLibrary.csproj", "{19343424-9603-434C-B617-5FC78AFBB3BA}"
EndProject
Project("{FAE04EC0-301F-11D3-BF4B-00C04F79EFBC}") = "Test", "Test\Test.csproj", "{AE648D49-2C30-46D2-A98F-061937996452}"
EndProject
Global
	GlobalSection(SolutionConfigurationPlatforms) = preSolution
		Debug|Any CPU = Debug|Any CPU
		Release|Any CPU = Release|Any CPU
	EndGlobalSection
	GlobalSection(ProjectConfigurationPlatforms) = postSolution
		{19343424-9603-434C-B617-5FC78AFBB3BA}.Debug|Any CPU.ActiveCfg = Debug|Any CPU
		{19343424-9603-434C-B617-5FC78AFBB3BA}.Debug|Any CPU.Build.0 = Debug|Any CPU
		{19343424-9603-434C-B617-5FC78AFBB3BA}.Release|Any CPU.ActiveCfg = Release|Any CPU
		{19343424-9603-434C-B617-5FC78AFBB3BA}.Release|Any CPU.Build.0 = Release|Any CPU
		{AE648D49-2C30-46D2-A98F-061937996452}.Debug|Any CPU.ActiveCfg = Debug|Any CPU
		{AE648D49-2C30-46D2-A98F-061937996452}.Debug|Any CPU.Build.0 = Debug|Any CPU
		{AE648D49-2C30-46D2-A98F-061937996452}.Release|Any CPU.ActiveCfg = Release|Any CPU
	EndGlobalSection
	GlobalSection(SolutionProperties) = preSolution
		HideSolutionNode = FALSE
	EndGlobalSection
EndGlobal
